{
  "name": "actioncable-example-frontend",
  "version": "1.0.0",
  "lockfileVersion": 1,
  "requires": true,
  "dependencies": {
    "actioncable": {
      "version": "5.2.4-4",
      "resolved": "https://registry.npmjs.org/actioncable/-/actioncable-5.2.4-4.tgz",
      "integrity": "sha512-qlsr7nTyGwP5mdGSRL3uJsXgbsZ/T/j3cE7QlmcjRKXDuHcm0X0P95/+Ah/cqtx5F3Q2gFYosppGD0uorF8voQ=="
    }
  }
}
